
Microsoft Visual Studio Solution File, Format Version 12.00
# Visual Studio 2017
Project("{FAE04EC0-301F-11D3-BF4B-00C04F79EFBC}") = "TheHexGame", "TheHexGame.csproj", "{122A2E0E-CBD5-7100-706D-4897E5AB8F08}"
EndProject
Project("{FAE04EC0-301F-11D3-BF4B-00C04F79EFBC}") = "TheHexGame.Editor", "TheHexGame.Editor.csproj", "{6AE51BF1-F90E-4BFC-61E6-4A5CF73B323D}"
EndProject
Global
	GlobalSection(SolutionConfigurationPlatforms) = preSolution
		Debug|Any CPU = Debug|Any CPU
		Release|Any CPU = Release|Any CPU
	EndGlobalSection
	GlobalSection(ProjectConfigurationPlatforms) = postSolution
		{122A2E0E-CBD5-7100-706D-4897E5AB8F08}.Debug|Any CPU.ActiveCfg = Debug|Any CPU
		{122A2E0E-CBD5-7100-706D-4897E5AB8F08}.Debug|Any CPU.Build.0 = Debug|Any CPU
		{122A2E0E-CBD5-7100-706D-4897E5AB8F08}.Release|Any CPU.ActiveCfg = Release|Any CPU
		{122A2E0E-CBD5-7100-706D-4897E5AB8F08}.Release|Any CPU.Build.0 = Release|Any CPU
		{6AE51BF1-F90E-4BFC-61E6-4A5CF73B323D}.Debug|Any CPU.ActiveCfg = Debug|Any CPU
		{6AE51BF1-F90E-4BFC-61E6-4A5CF73B323D}.Debug|Any CPU.Build.0 = Debug|Any CPU
		{6AE51BF1-F90E-4BFC-61E6-4A5CF73B323D}.Release|Any CPU.ActiveCfg = Release|Any CPU
		{6AE51BF1-F90E-4BFC-61E6-4A5CF73B323D}.Release|Any CPU.Build.0 = Release|Any CPU
	EndGlobalSection
	GlobalSection(SolutionProperties) = preSolution
		HideSolutionNode = FALSE
	EndGlobalSection
EndGlobal
